# This file is generated by running "yarn install" inside your project.
# Manual changes might be lost - proceed with caution!

__metadata:
  version: 8
  cacheKey: 10c0

"@babel/helper-string-parser@npm:^7.27.1":
  version: 7.27.1
  resolution: "@babel/helper-string-parser@npm:7.27.1"
  checksum: 10c0/8bda3448e07b5583727c103560bcf9c4c24b3c1051a4c516d4050ef69df37bb9a4734a585fe12725b8c2763de0a265aa1e909b485a4e3270b7cfd3e4dbe4b602
  languageName: node
  linkType: hard

"@babel/helper-validator-identifier@npm:^7.28.5":
  version: 7.28.5
  resolution: "@babel/helper-validator-identifier@npm:7.28.5"
  checksum: 10c0/42aaebed91f739a41f3d80b72752d1f95fd7c72394e8e4bd7cdd88817e0774d80a432451bcba17c2c642c257c483bf1d409dd4548883429ea9493a3bc4ab0847
  languageName: node
  linkType: hard

"@babel/parser@npm:^7.21.8":
  version: 7.23.9
  resolution: "@babel/parser@npm:7.23.9"
  bin:
    parser: ./bin/babel-parser.js
  checksum: 10c0/7df97386431366d4810538db4b9ec538f4377096f720c0591c7587a16f6810e62747e9fbbfa1ff99257fd4330035e4fb1b5b77c7bd3b97ce0d2e3780a6618975
  languageName: node
  linkType: hard

"@babel/types@npm:^7.8.3":
  version: 7.28.5
  resolution: "@babel/types@npm:7.28.5"
  dependencies:
    "@babel/helper-string-parser": "npm:^7.27.1"
    "@babel/helper-validator-identifier": "npm:^7.28.5"
  checksum: 10c0/a5a483d2100befbf125793640dec26b90b95fd233a94c19573325898a5ce1e52cdfa96e495c7dcc31b5eca5b66ce3e6d4a0f5a4a62daec271455959f208ab08a
  languageName: node
  linkType: hard

"@dependents/detective-less@npm:^4.1.0":
  version: 4.1.0
  resolution: "@dependents/detective-less@npm:4.1.0"
  dependencies:
    gonzales-pe: "npm:^4.3.0"
    node-source-walk: "npm:^6.0.1"
  checksum: 10c0/8a930cbcb2a288c9782854bbdb7e4d3fbbcc11b154d6a3296b0a4aed2d05c97c1ffb872e692b28f967ced85fa739afce68d3c4b8f2dc56015df0a2b2eda9d835
  languageName: node
  linkType: hard

"@nodelib/fs.scandir@npm:2.1.5":
  version: 2.1.5
  resolution: "@nodelib/fs.scandir@npm:2.1.5"
  dependencies:
    "@nodelib/fs.stat": "npm:2.0.5"
    run-parallel: "npm:^1.1.9"
  checksum: 10c0/732c3b6d1b1e967440e65f284bd06e5821fedf10a1bea9ed2bb75956ea1f30e08c44d3def9d6a230666574edbaf136f8cfd319c14fd1f87c66e6a44449afb2eb
  languageName: node
  linkType: hard

"@nodelib/fs.stat@npm:2.0.5, @nodelib/fs.stat@npm:^2.0.2":
  version: 2.0.5
  resolution: "@nodelib/fs.stat@npm:2.0.5"
  checksum: 10c0/88dafe5e3e29a388b07264680dc996c17f4bda48d163a9d4f5c1112979f0ce8ec72aa7116122c350b4e7976bc5566dc3ddb579be1ceaacc727872eb4ed93926d
  languageName: node
  linkType: hard

"@nodelib/fs.walk@npm:^1.2.3":
  version: 1.2.8
  resolution: "@nodelib/fs.walk@npm:1.2.8"
  dependencies:
    "@nodelib/fs.scandir": "npm:2.1.5"
    fastq: "npm:^1.6.0"
  checksum: 10c0/db9de047c3bb9b51f9335a7bb46f4fcfb6829fb628318c12115fbaf7d369bfce71c15b103d1fc3b464812d936220ee9bc1c8f762d032c9f6be9acc99249095b1
  languageName: node
  linkType: hard

"@typescript-eslint/types@npm:5.62.0":
  version: 5.62.0
  resolution: "@typescript-eslint/types@npm:5.62.0"
  checksum: 10c0/7febd3a7f0701c0b927e094f02e82d8ee2cada2b186fcb938bc2b94ff6fbad88237afc304cbaf33e82797078bbbb1baf91475f6400912f8b64c89be79bfa4ddf
  languageName: node
  linkType: hard

"@typescript-eslint/typescript-estree@npm:^5.59.5":
  version: 5.62.0
  resolution: "@typescript-eslint/typescript-estree@npm:5.62.0"
  dependencies:
    "@typescript-eslint/types": "npm:5.62.0"
    "@typescript-eslint/visitor-keys": "npm:5.62.0"
    debug: "npm:^4.3.4"
    globby: "npm:^11.1.0"
    is-glob: "npm:^4.0.3"
    semver: "npm:^7.3.7"
    tsutils: "npm:^3.21.0"
  peerDependenciesMeta:
    typescript:
      optional: true
  checksum: 10c0/d7984a3e9d56897b2481940ec803cb8e7ead03df8d9cfd9797350be82ff765dfcf3cfec04e7355e1779e948da8f02bc5e11719d07a596eb1cb995c48a95e38cf
  languageName: node
  linkType: hard

"@typescript-eslint/visitor-keys@npm:5.62.0":
  version: 5.62.0
  resolution: "@typescript-eslint/visitor-keys@npm:5.62.0"
  dependencies:
    "@typescript-eslint/types": "npm:5.62.0"
    eslint-visitor-keys: "npm:^3.3.0"
  checksum: 10c0/7c3b8e4148e9b94d9b7162a596a1260d7a3efc4e65199693b8025c71c4652b8042501c0bc9f57654c1e2943c26da98c0f77884a746c6ae81389fcb0b513d995d
  languageName: node
  linkType: hard

"affected-tests@workspace:.":
  version: 0.0.0-use.local
  resolution: "affected-tests@workspace:."
  dependencies:
    dependency-tree: "npm:10.0.9"
  languageName: unknown
  linkType: soft

"app-module-path@npm:^2.2.0":
  version: 2.2.0
  resolution: "app-module-path@npm:2.2.0"
  checksum: 10c0/0d6d581dcee268271af1e611934b4fed715de55c382b2610de67ba6f87d01503fc0426cff687f06210e54cd57545f7a6172e1dd192914a3709ad89c06a4c3a0b
  languageName: node
  linkType: hard

"array-union@npm:^2.1.0":
  version: 2.1.0
  resolution: "array-union@npm:2.1.0"
  checksum: 10c0/429897e68110374f39b771ec47a7161fc6a8fc33e196857c0a396dc75df0b5f65e4d046674db764330b6bb66b39ef48dd7c53b6a2ee75cfb0681e0c1a7033962
  languageName: node
  linkType: hard

"ast-module-types@npm:^5.0.0":
  version: 5.0.0
  resolution: "ast-module-types@npm:5.0.0"
  checksum: 10c0/023eb05658e7c4be9a2e661df8713d74fd04a45091ac9be399ff638265638a88752df2e26be49afdeefcacdcdf8e3160a86f0703c46844c5bc96d908bb5e23f0
  languageName: node
  linkType: hard

"balanced-match@npm:^1.0.0":
  version: 1.0.2
  resolution: "balanced-match@npm:1.0.2"
  checksum: 10c0/9308baf0a7e4838a82bbfd11e01b1cb0f0cf2893bc1676c27c2a8c0e70cbae1c59120c3268517a8ae7fb6376b4639ef81ca22582611dbee4ed28df945134aaee
  languageName: node
  linkType: hard

"brace-expansion@npm:^1.1.7":
  version: 1.1.12
  resolution: "brace-expansion@npm:1.1.12"
  dependencies:
    balanced-match: "npm:^1.0.0"
    concat-map: "npm:0.0.1"
  checksum: 10c0/975fecac2bb7758c062c20d0b3b6288c7cc895219ee25f0a64a9de662dbac981ff0b6e89909c3897c1f84fa353113a721923afdec5f8b2350255b097f12b1f73
  languageName: node
  linkType: hard

"braces@npm:^3.0.3":
  version: 3.0.3
  resolution: "braces@npm:3.0.3"
  dependencies:
    fill-range: "npm:^7.1.1"
  checksum: 10c0/7c6dfd30c338d2997ba77500539227b9d1f85e388a5f43220865201e407e076783d0881f2d297b9f80951b4c957fcf0b51c1d2d24227631643c3f7c284b0aa04
  languageName: node
  linkType: hard

"color-name@npm:^1.1.4":
  version: 1.1.4
  resolution: "color-name@npm:1.1.4"
  checksum: 10c0/a1a3f914156960902f46f7f56bc62effc6c94e84b2cae157a526b1c1f74b677a47ec602bf68a61abfa2b42d15b7c5651c6dbe72a43af720bc588dff885b10f95
  languageName: node
  linkType: hard

"commander@npm:^10.0.1":
  version: 10.0.1
  resolution: "commander@npm:10.0.1"
  checksum: 10c0/53f33d8927758a911094adadda4b2cbac111a5b377d8706700587650fd8f45b0bbe336de4b5c3fe47fd61f420a3d9bd452b6e0e6e5600a7e74d7bf0174f6efe3
  languageName: node
  linkType: hard

"concat-map@npm:0.0.1":
  version: 0.0.1
  resolution: "concat-map@npm:0.0.1"
  checksum: 10c0/c996b1cfdf95b6c90fee4dae37e332c8b6eb7d106430c17d538034c0ad9a1630cb194d2ab37293b1bdd4d779494beee7786d586a50bd9376fd6f7bcc2bd4c98f
  languageName: node
  linkType: hard

"debug@npm:^4.3.4":
  version: 4.3.4
  resolution: "debug@npm:4.3.4"
  dependencies:
    ms: "npm:2.1.2"
  peerDependenciesMeta:
    supports-color:
      optional: true
  checksum: 10c0/cedbec45298dd5c501d01b92b119cd3faebe5438c3917ff11ae1bff86a6c722930ac9c8659792824013168ba6db7c4668225d845c633fbdafbbf902a6389f736
  languageName: node
  linkType: hard

"dependency-tree@npm:10.0.9":
  version: 10.0.9
  resolution: "dependency-tree@npm:10.0.9"
  dependencies:
    commander: "npm:^10.0.1"
    filing-cabinet: "npm:^4.1.6"
    precinct: "npm:^11.0.5"
    typescript: "npm:^5.0.4"
  bin:
    dependency-tree: bin/cli.js
  checksum: 10c0/678203b6c6943dd0cd9b57837e3118ed8f1b446550bdaa03188835d1efb4e1e6cedb736ec0626ce32d5329d3d1639d9f2b7961b49ddc405d91ef2d65a64840d6
  languageName: node
  linkType: hard

"detective-amd@npm:^5.0.2":
  version: 5.0.2
  resolution: "detective-amd@npm:5.0.2"
  dependencies:
    ast-module-types: "npm:^5.0.0"
    escodegen: "npm:^2.0.0"
    get-amd-module-type: "npm:^5.0.1"
    node-source-walk: "npm:^6.0.1"
  bin:
    detective-amd: bin/cli.js
  checksum: 10c0/ed191b5279dc2d5b58fe29fd97c1574e2959e6999e2c178c9bcafa5ff1ff607bd70624674df78a5c13dea6467bca15d46782762e2c5ade460b97fa3206252b7e
  languageName: node
  linkType: hard

"detective-cjs@npm:^5.0.1":
  version: 5.0.1
  resolution: "detective-cjs@npm:5.0.1"
  dependencies:
    ast-module-types: "npm:^5.0.0"
    node-source-walk: "npm:^6.0.0"
  checksum: 10c0/623364008b27fe059fc68db1aa1812e737f764867671720bf477514ae1918fa36a32c6b3ac0e9f42f2ee3f3eadec1f69879a2a6a5cfb01393b9934b90c1f4b9c
  languageName: node
  linkType: hard

"detective-es6@npm:^4.0.1":
  version: 4.0.1
  resolution: "detective-es6@npm:4.0.1"
  dependencies:
    node-source-walk: "npm:^6.0.1"
  checksum: 10c0/63e7f1c43949965b0f755aaeb45f2f1b0505cb5f2dc99f0ecb2ba99bdd48ccacd1b58cf0e553aeeafe9cb2b432aaec7fb9749ae578e46e97cf07e987ee82fca9
  languageName: node
  linkType: hard

"detective-postcss@npm:^6.1.3":
  version: 6.1.3
  resolution: "detective-postcss@npm:6.1.3"
  dependencies:
    is-url: "npm:^1.2.4"
    postcss: "npm:^8.4.23"
    postcss-values-parser: "npm:^6.0.2"
  checksum: 10c0/7ad2eb7113927930f5d17d97bc3dcfa2d38ea62f65263ecefc4b2289138dd6f7b07e561a23fb05b8befa56d521a49f601caf45794f1a17c3dfc3bf1c1199affe
  languageName: node
  linkType: hard

"detective-sass@npm:^5.0.3":
  version: 5.0.3
  resolution: "detective-sass@npm:5.0.3"
  dependencies:
    gonzales-pe: "npm:^4.3.0"
    node-source-walk: "npm:^6.0.1"
  checksum: 10c0/e3ea590911977be139825744a0b32161d7430b8cfcf0862407b224dc2f0312a2f10a2d715f455241abb5accdcaa75868d3e6b74324c2c845d9f723f03ca3465b
  languageName: node
  linkType: hard

"detective-scss@npm:^4.0.3":
  version: 4.0.3
  resolution: "detective-scss@npm:4.0.3"
  dependencies:
    gonzales-pe: "npm:^4.3.0"
    node-source-walk: "npm:^6.0.1"
  checksum: 10c0/bddd7bd6a91dc58167c106b29af828798044ea817a9354727a2e70ef48f37c06852f89f0073d804a0394e8e3221a77e0e4ff27e3376c9f7c1bd1babc17b82f8f
  languageName: node
  linkType: hard

"detective-stylus@npm:^4.0.0":
  version: 4.0.0
  resolution: "detective-stylus@npm:4.0.0"
  checksum: 10c0/dd98712a7cbc417d8c69f01bedbb94c0708d29b28c5e183679f6abc26fa99f94bebfda1e1773d6dbeba642e7275b106e25ea7e0c61774e7f3573b58a2a1e774a
  languageName: node
  linkType: hard

"detective-typescript@npm:^11.1.0":
  version: 11.1.0
  resolution: "detective-typescript@npm:11.1.0"
  dependencies:
    "@typescript-eslint/typescript-estree": "npm:^5.59.5"
    ast-module-types: "npm:^5.0.0"
    node-source-walk: "npm:^6.0.1"
    typescript: "npm:^5.0.4"
  checksum: 10c0/2ef413b80de244c828533602ea8fe147ca91bc93c579f3a5c92000ee7ec08df3980ba11d52d2e4a54d785fb10aabec591f08a7b530a74d75dfb634ce5c2356a0
  languageName: node
  linkType: hard

"dir-glob@npm:^3.0.1":
  version: 3.0.1
  resolution: "dir-glob@npm:3.0.1"
  dependencies:
    path-type: "npm:^4.0.0"
  checksum: 10c0/dcac00920a4d503e38bb64001acb19df4efc14536ada475725e12f52c16777afdee4db827f55f13a908ee7efc0cb282e2e3dbaeeb98c0993dd93d1802d3bf00c
  languageName: node
  linkType: hard

"enhanced-resolve@npm:^5.14.1":
  version: 5.15.0
  resolution: "enhanced-resolve@npm:5.15.0"
  dependencies:
    graceful-fs: "npm:^4.2.4"
    tapable: "npm:^2.2.0"
  checksum: 10c0/69984a7990913948b4150855aed26a84afb4cb1c5a94fb8e3a65bd00729a73fc2eaff6871fb8e345377f294831afe349615c93560f2f54d61b43cdfdf668f19a
  languageName: node
  linkType: hard

"escodegen@npm:^2.0.0":
  version: 2.1.0
  resolution: "escodegen@npm:2.1.0"
  dependencies:
    esprima: "npm:^4.0.1"
    estraverse: "npm:^5.2.0"
    esutils: "npm:^2.0.2"
    source-map: "npm:~0.6.1"
  dependenciesMeta:
    source-map:
      optional: true
  bin:
    escodegen: bin/escodegen.js
    esgenerate: bin/esgenerate.js
  checksum: 10c0/e1450a1f75f67d35c061bf0d60888b15f62ab63aef9df1901cffc81cffbbb9e8b3de237c5502cf8613a017c1df3a3003881307c78835a1ab54d8c8d2206e01d3
  languageName: node
  linkType: hard

"eslint-visitor-keys@npm:^3.3.0":
  version: 3.4.3
  resolution: "eslint-visitor-keys@npm:3.4.3"
  checksum: 10c0/92708e882c0a5ffd88c23c0b404ac1628cf20104a108c745f240a13c332a11aac54f49a22d5762efbffc18ecbc9a580d1b7ad034bf5f3cc3307e5cbff2ec9820
  languageName: node
  linkType: hard

"esprima@npm:^4.0.0, esprima@npm:^4.0.1":
  version: 4.0.1
  resolution: "esprima@npm:4.0.1"
  bin:
    esparse: ./bin/esparse.js
    esvalidate: ./bin/esvalidate.js
  checksum: 10c0/ad4bab9ead0808cf56501750fd9d3fb276f6b105f987707d059005d57e182d18a7c9ec7f3a01794ebddcca676773e42ca48a32d67a250c9d35e009ca613caba3
  languageName: node
  linkType: hard

"estraverse@npm:^5.2.0":
  version: 5.3.0
  resolution: "estraverse@npm:5.3.0"
  checksum: 10c0/1ff9447b96263dec95d6d67431c5e0771eb9776427421260a3e2f0fdd5d6bd4f8e37a7338f5ad2880c9f143450c9b1e4fc2069060724570a49cf9cf0312bd107
  languageName: node
  linkType: hard

"esutils@npm:^2.0.2":
  version: 2.0.3
  resolution: "esutils@npm:2.0.3"
  checksum: 10c0/9a2fe69a41bfdade834ba7c42de4723c97ec776e40656919c62cbd13607c45e127a003f05f724a1ea55e5029a4cf2de444b13009f2af71271e42d93a637137c7
  languageName: node
  linkType: hard

"fast-glob@npm:^3.2.9":
  version: 3.3.2
  resolution: "fast-glob@npm:3.3.2"
  dependencies:
    "@nodelib/fs.stat": "npm:^2.0.2"
    "@nodelib/fs.walk": "npm:^1.2.3"
    glob-parent: "npm:^5.1.2"
    merge2: "npm:^1.3.0"
    micromatch: "npm:^4.0.4"
  checksum: 10c0/42baad7b9cd40b63e42039132bde27ca2cb3a4950d0a0f9abe4639ea1aa9d3e3b40f98b1fe31cbc0cc17b664c9ea7447d911a152fa34ec5b72977b125a6fc845
  languageName: node
  linkType: hard

"fastq@npm:^1.6.0":
  version: 1.17.0
  resolution: "fastq@npm:1.17.0"
  dependencies:
    reusify: "npm:^1.0.4"
  checksum: 10c0/0a90ed46ccd6a858a32e297bd35f4249ba6544899b905d08f33a6ba36459041639161fa15bc85a38afa98dd44fb2fa2969419a879721a1395d3e24668a7732c7
  languageName: node
  linkType: hard

"filing-cabinet@npm:^4.1.6":
  version: 4.1.6
  resolution: "filing-cabinet@npm:4.1.6"
  dependencies:
    app-module-path: "npm:^2.2.0"
    commander: "npm:^10.0.1"
    enhanced-resolve: "npm:^5.14.1"
    is-relative-path: "npm:^1.0.2"
    module-definition: "npm:^5.0.1"
    module-lookup-amd: "npm:^8.0.5"
    resolve: "npm:^1.22.3"
    resolve-dependency-path: "npm:^3.0.2"
    sass-lookup: "npm:^5.0.1"
    stylus-lookup: "npm:^5.0.1"
    tsconfig-paths: "npm:^4.2.0"
    typescript: "npm:^5.0.4"
  bin:
    filing-cabinet: bin/cli.js
  checksum: 10c0/04464b3fb01f18ed3ce38531fb68849a868b97fe88e9b97ef971672f8f764b0c613e31decbd32eba04be39709a15ef81154c808376c7e5c3e14f07d94fc781e4
  languageName: node
  linkType: hard

"fill-range@npm:^7.1.1":
  version: 7.1.1
  resolution: "fill-range@npm:7.1.1"
  dependencies:
    to-regex-range: "npm:^5.0.1"
  checksum: 10c0/b75b691bbe065472f38824f694c2f7449d7f5004aa950426a2c28f0306c60db9b880c0b0e4ed819997ffb882d1da02cfcfc819bddc94d71627f5269682edf018
  languageName: node
  linkType: hard

"fs.realpath@npm:^1.0.0":
  version: 1.0.0
  resolution: "fs.realpath@npm:1.0.0"
  checksum: 10c0/444cf1291d997165dfd4c0d58b69f0e4782bfd9149fd72faa4fe299e68e0e93d6db941660b37dd29153bf7186672ececa3b50b7e7249477b03fdf850f287c948
  languageName: node
  linkType: hard

"function-bind@npm:^1.1.2":
  version: 1.1.2
  resolution: "function-bind@npm:1.1.2"
  checksum: 10c0/d8680ee1e5fcd4c197e4ac33b2b4dce03c71f4d91717292785703db200f5c21f977c568d28061226f9b5900cbcd2c84463646134fd5337e7925e0942bc3f46d5
  languageName: node
  linkType: hard

"get-amd-module-type@npm:^5.0.1":
  version: 5.0.1
  resolution: "get-amd-module-type@npm:5.0.1"
  dependencies:
    ast-module-types: "npm:^5.0.0"
    node-source-walk: "npm:^6.0.1"
  checksum: 10c0/28828eeaee6e75ca2746d9d23ebbb2be5500f57ad7dca696dae15ab6085fe053a756c9b58871103fe6e2888c25d0a31d80f57087dd34a175ab7c579923db762c
  languageName: node
  linkType: hard

"get-own-enumerable-property-symbols@npm:^3.0.0":
  version: 3.0.2
  resolution: "get-own-enumerable-property-symbols@npm:3.0.2"
  checksum: 10c0/103999855f3d1718c631472437161d76962cbddcd95cc642a34c07bfb661ed41b6c09a9c669ccdff89ee965beb7126b80eec7b2101e20e31e9cc6c4725305e10
  languageName: node
  linkType: hard

"glob-parent@npm:^5.1.2":
  version: 5.1.2
  resolution: "glob-parent@npm:5.1.2"
  dependencies:
    is-glob: "npm:^4.0.1"
  checksum: 10c0/cab87638e2112bee3f839ef5f6e0765057163d39c66be8ec1602f3823da4692297ad4e972de876ea17c44d652978638d2fd583c6713d0eb6591706825020c9ee
  languageName: node
  linkType: hard

"glob@npm:^7.2.3":
  version: 7.2.3
  resolution: "glob@npm:7.2.3"
  dependencies:
    fs.realpath: "npm:^1.0.0"
    inflight: "npm:^1.0.4"
    inherits: "npm:2"
    minimatch: "npm:^3.1.1"
    once: "npm:^1.3.0"
    path-is-absolute: "npm:^1.0.0"
  checksum: 10c0/65676153e2b0c9095100fe7f25a778bf45608eeb32c6048cf307f579649bcc30353277b3b898a3792602c65764e5baa4f643714dfbdfd64ea271d210c7a425fe
  languageName: node
  linkType: hard

"globby@npm:^11.1.0":
  version: 11.1.0
  resolution: "globby@npm:11.1.0"
  dependencies:
    array-union: "npm:^2.1.0"
    dir-glob: "npm:^3.0.1"
    fast-glob: "npm:^3.2.9"
    ignore: "npm:^5.2.0"
    merge2: "npm:^1.4.1"
    slash: "npm:^3.0.0"
  checksum: 10c0/b39511b4afe4bd8a7aead3a27c4ade2b9968649abab0a6c28b1a90141b96ca68ca5db1302f7c7bd29eab66bf51e13916b8e0a3d0ac08f75e1e84a39b35691189
  languageName: node
  linkType: hard

"gonzales-pe@npm:^4.3.0":
  version: 4.3.0
  resolution: "gonzales-pe@npm:4.3.0"
  dependencies:
    minimist: "npm:^1.2.5"
  bin:
    gonzales: bin/gonzales.js
  checksum: 10c0/b99a6ef4bf28ca0b0adcc0b42fd0179676ee8bfe1d3e3c0025d7d38ba35a3f2d5b1d4beb16101a7fc7cb2dbda1ec045bbce0932697095df41d729bac1703476f
  languageName: node
  linkType: hard

"graceful-fs@npm:^4.2.4":
  version: 4.2.11
  resolution: "graceful-fs@npm:4.2.11"
  checksum: 10c0/386d011a553e02bc594ac2ca0bd6d9e4c22d7fa8cfbfc448a6d148c59ea881b092db9dbe3547ae4b88e55f1b01f7c4a2ecc53b310c042793e63aa44cf6c257f2
  languageName: node
  linkType: hard

"hasown@npm:^2.0.0":
  version: 2.0.0
  resolution: "hasown@npm:2.0.0"
  dependencies:
    function-bind: "npm:^1.1.2"
  checksum: 10c0/5d415b114f410661208c95e7ab4879f1cc2765b8daceff4dc8718317d1cb7b9ffa7c5d1eafd9a4389c9aab7445d6ea88e05f3096cb1e529618b55304956b87fc
  languageName: node
  linkType: hard

"ignore@npm:^5.2.0":
  version: 5.3.1
  resolution: "ignore@npm:5.3.1"
  checksum: 10c0/703f7f45ffb2a27fb2c5a8db0c32e7dee66b33a225d28e8db4e1be6474795f606686a6e3bcc50e1aa12f2042db4c9d4a7d60af3250511de74620fbed052ea4cd
  languageName: node
  linkType: hard

"inflight@npm:^1.0.4":
  version: 1.0.6
  resolution: "inflight@npm:1.0.6"
  dependencies:
    once: "npm:^1.3.0"
    wrappy: "npm:1"
  checksum: 10c0/7faca22584600a9dc5b9fca2cd5feb7135ac8c935449837b315676b4c90aa4f391ec4f42240178244b5a34e8bede1948627fda392ca3191522fc46b34e985ab2
  languageName: node
  linkType: hard

"inherits@npm:2":
  version: 2.0.4
  resolution: "inherits@npm:2.0.4"
  checksum: 10c0/4e531f648b29039fb7426fb94075e6545faa1eb9fe83c29f0b6d9e7263aceb4289d2d4557db0d428188eeb449cc7c5e77b0a0b2c4e248ff2a65933a0dee49ef2
  languageName: node
  linkType: hard

"is-core-module@npm:^2.13.0":
  version: 2.13.1
  resolution: "is-core-module@npm:2.13.1"
  dependencies:
    hasown: "npm:^2.0.0"
  checksum: 10c0/2cba9903aaa52718f11c4896dabc189bab980870aae86a62dc0d5cedb546896770ee946fb14c84b7adf0735f5eaea4277243f1b95f5cefa90054f92fbcac2518
  languageName: node
  linkType: hard

"is-extglob@npm:^2.1.1":
  version: 2.1.1
  resolution: "is-extglob@npm:2.1.1"
  checksum: 10c0/5487da35691fbc339700bbb2730430b07777a3c21b9ebaecb3072512dfd7b4ba78ac2381a87e8d78d20ea08affb3f1971b4af629173a6bf435ff8a4c47747912
  languageName: node
  linkType: hard

"is-glob@npm:^4.0.1, is-glob@npm:^4.0.3":
  version: 4.0.3
  resolution: "is-glob@npm:4.0.3"
  dependencies:
    is-extglob: "npm:^2.1.1"
  checksum: 10c0/17fb4014e22be3bbecea9b2e3a76e9e34ff645466be702f1693e8f1ee1adac84710d0be0bd9f967d6354036fd51ab7c2741d954d6e91dae6bb69714de92c197a
  languageName: node
  linkType: hard

"is-number@npm:^7.0.0":
  version: 7.0.0
  resolution: "is-number@npm:7.0.0"
  checksum: 10c0/b4686d0d3053146095ccd45346461bc8e53b80aeb7671cc52a4de02dbbf7dc0d1d2a986e2fe4ae206984b4d34ef37e8b795ebc4f4295c978373e6575e295d811
  languageName: node
  linkType: hard

"is-obj@npm:^1.0.1":
  version: 1.0.1
  resolution: "is-obj@npm:1.0.1"
  checksum: 10c0/5003acba0af7aa47dfe0760e545a89bbac89af37c12092c3efadc755372cdaec034f130e7a3653a59eb3c1843cfc72ca71eaf1a6c3bafe5a0bab3611a47f9945
  languageName: node
  linkType: hard

"is-regexp@npm:^1.0.0":
  version: 1.0.0
  resolution: "is-regexp@npm:1.0.0"
  checksum: 10c0/34cacda1901e00f6e44879378f1d2fa96320ea956c1bec27713130aaf1d44f6e7bd963eed28945bfe37e600cb27df1cf5207302680dad8bdd27b9baff8ecf611
  languageName: node
  linkType: hard

"is-relative-path@npm:^1.0.2":
  version: 1.0.2
  resolution: "is-relative-path@npm:1.0.2"
  checksum: 10c0/aaa1129bacb8cf89c03b6b5772916688d19fb3e83a9d74cc352294eb68219926dfd3e83489d2590f8aaf6551606531579ec9acfcb3af082fef718e34f4dd0aa9
  languageName: node
  linkType: hard

"is-url-superb@npm:^4.0.0":
  version: 4.0.0
  resolution: "is-url-superb@npm:4.0.0"
  checksum: 10c0/354ea8246d5b5a828e41bb4ed66c539a7b74dc878ee4fa84b148df312b14b08118579d64f0893b56a0094e3b4b1e6082d2fbe2e3792998d7edffde1c0f3dfdd9
  languageName: node
  linkType: hard

"is-url@npm:^1.2.4":
  version: 1.2.4
  resolution: "is-url@npm:1.2.4"
  checksum: 10c0/0157a79874f8f95fdd63540e3f38c8583c2ef572661cd0693cda80ae3e42dfe8e9a4a972ec1b827f861d9a9acf75b37f7d58a37f94a8a053259642912c252bc3
  languageName: node
  linkType: hard

"json5@npm:^2.2.2":
  version: 2.2.3
  resolution: "json5@npm:2.2.3"
  bin:
    json5: lib/cli.js
  checksum: 10c0/5a04eed94810fa55c5ea138b2f7a5c12b97c3750bc63d11e511dcecbfef758003861522a070c2272764ee0f4e3e323862f386945aeb5b85b87ee43f084ba586c
  languageName: node
  linkType: hard

"lru-cache@npm:^6.0.0":
  version: 6.0.0
  resolution: "lru-cache@npm:6.0.0"
  dependencies:
    yallist: "npm:^4.0.0"
  checksum: 10c0/cb53e582785c48187d7a188d3379c181b5ca2a9c78d2bce3e7dee36f32761d1c42983da3fe12b55cb74e1779fa94cdc2e5367c028a9b35317184ede0c07a30a9
  languageName: node
  linkType: hard

"merge2@npm:^1.3.0, merge2@npm:^1.4.1":
  version: 1.4.1
  resolution: "merge2@npm:1.4.1"
  checksum: 10c0/254a8a4605b58f450308fc474c82ac9a094848081bf4c06778200207820e5193726dc563a0d2c16468810516a5c97d9d3ea0ca6585d23c58ccfff2403e8dbbeb
  languageName: node
  linkType: hard

"micromatch@npm:^4.0.4":
  version: 4.0.8
  resolution: "micromatch@npm:4.0.8"
  dependencies:
    braces: "npm:^3.0.3"
    picomatch: "npm:^2.3.1"
  checksum: 10c0/166fa6eb926b9553f32ef81f5f531d27b4ce7da60e5baf8c021d043b27a388fb95e46a8038d5045877881e673f8134122b59624d5cecbd16eb50a42e7a6b5ca8
  languageName: node
  linkType: hard

"minimatch@npm:^3.1.1":
  version: 3.1.2
  resolution: "minimatch@npm:3.1.2"
  dependencies:
    brace-expansion: "npm:^1.1.7"
  checksum: 10c0/0262810a8fc2e72cca45d6fd86bd349eee435eb95ac6aa45c9ea2180e7ee875ef44c32b55b5973ceabe95ea12682f6e3725cbb63d7a2d1da3ae1163c8b210311
  languageName: node
  linkType: hard

"minimist@npm:^1.2.5, minimist@npm:^1.2.6":
  version: 1.2.8
  resolution: "minimist@npm:1.2.8"
  checksum: 10c0/19d3fcdca050087b84c2029841a093691a91259a47def2f18222f41e7645a0b7c44ef4b40e88a1e58a40c84d2ef0ee6047c55594d298146d0eb3f6b737c20ce6
  languageName: node
  linkType: hard

"module-definition@npm:^5.0.1":
  version: 5.0.1
  resolution: "module-definition@npm:5.0.1"
  dependencies:
    ast-module-types: "npm:^5.0.0"
    node-source-walk: "npm:^6.0.1"
  bin:
    module-definition: bin/cli.js
  checksum: 10c0/7fdaca717c523dbba6dbe8f8b2e53e18038c0fbbef8deedd497af05a19f8fa069939dec90df2d3c027ea942b28c1f7cc088911cc212859c192c247b470e0d1a9
  languageName: node
  linkType: hard

"module-lookup-amd@npm:^8.0.5":
  version: 8.0.5
  resolution: "module-lookup-amd@npm:8.0.5"
  dependencies:
    commander: "npm:^10.0.1"
    glob: "npm:^7.2.3"
    requirejs: "npm:^2.3.6"
    requirejs-config-file: "npm:^4.0.0"
  bin:
    lookup-amd: bin/cli.js
  checksum: 10c0/98a3040ac6aaf9060189eb7bbe8bdcb0f66b93c23f5f93e840829030dc9557945d89457b3406eef0b09ac98490a675a99e3e4b6c648369b631d722947fbe3dec
  languageName: node
  linkType: hard

"ms@npm:2.1.2":
  version: 2.1.2
  resolution: "ms@npm:2.1.2"
  checksum: 10c0/a437714e2f90dbf881b5191d35a6db792efbca5badf112f87b9e1c712aace4b4b9b742dd6537f3edf90fd6f684de897cec230abde57e87883766712ddda297cc
  languageName: node
  linkType: hard

"nanoid@npm:^3.3.7":
  version: 3.3.8
  resolution: "nanoid@npm:3.3.8"
  bin:
    nanoid: bin/nanoid.cjs
  checksum: 10c0/4b1bb29f6cfebf3be3bc4ad1f1296fb0a10a3043a79f34fbffe75d1621b4318319211cd420549459018ea3592f0d2f159247a6f874911d6d26eaaadda2478120
  languageName: node
  linkType: hard

"node-source-walk@npm:^6.0.0, node-source-walk@npm:^6.0.1, node-source-walk@npm:^6.0.2":
  version: 6.0.2
  resolution: "node-source-walk@npm:6.0.2"
  dependencies:
    "@babel/parser": "npm:^7.21.8"
  checksum: 10c0/199875bf108750693c55c30b13085ab2956059593c7a5c10c3a30ea3c16b7448e7514d63767dbd825c71ab40be76f66c4d98f17794e3232a645867a99a82fb19
  languageName: node
  linkType: hard

"once@npm:^1.3.0":
  version: 1.4.0
  resolution: "once@npm:1.4.0"
  dependencies:
    wrappy: "npm:1"
  checksum: 10c0/5d48aca287dfefabd756621c5dfce5c91a549a93e9fdb7b8246bc4c4790aa2ec17b34a260530474635147aeb631a2dcc8b32c613df0675f96041cbb8244517d0
  languageName: node
  linkType: hard

"path-is-absolute@npm:^1.0.0":
  version: 1.0.1
  resolution: "path-is-absolute@npm:1.0.1"
  checksum: 10c0/127da03c82172a2a50099cddbf02510c1791fc2cc5f7713ddb613a56838db1e8168b121a920079d052e0936c23005562059756d653b7c544c53185efe53be078
  languageName: node
  linkType: hard

"path-parse@npm:^1.0.7":
  version: 1.0.7
  resolution: "path-parse@npm:1.0.7"
  checksum: 10c0/11ce261f9d294cc7a58d6a574b7f1b935842355ec66fba3c3fd79e0f036462eaf07d0aa95bb74ff432f9afef97ce1926c720988c6a7451d8a584930ae7de86e1
  languageName: node
  linkType: hard

"path-type@npm:^4.0.0":
  version: 4.0.0
  resolution: "path-type@npm:4.0.0"
  checksum: 10c0/666f6973f332f27581371efaf303fd6c272cc43c2057b37aa99e3643158c7e4b2626549555d88626e99ea9e046f82f32e41bbde5f1508547e9a11b149b52387c
  languageName: node
  linkType: hard

"picocolors@npm:^1.0.0":
  version: 1.0.0
  resolution: "picocolors@npm:1.0.0"
  checksum: 10c0/20a5b249e331c14479d94ec6817a182fd7a5680debae82705747b2db7ec50009a5f6648d0621c561b0572703f84dbef0858abcbd5856d3c5511426afcb1961f7
  languageName: node
  linkType: hard

"picomatch@npm:^2.3.1":
  version: 2.3.1
  resolution: "picomatch@npm:2.3.1"
  checksum: 10c0/26c02b8d06f03206fc2ab8d16f19960f2ff9e81a658f831ecb656d8f17d9edc799e8364b1f4a7873e89d9702dff96204be0fa26fe4181f6843f040f819dac4be
  languageName: node
  linkType: hard

"postcss-values-parser@npm:^6.0.2":
  version: 6.0.2
  resolution: "postcss-values-parser@npm:6.0.2"
  dependencies:
    color-name: "npm:^1.1.4"
    is-url-superb: "npm:^4.0.0"
    quote-unquote: "npm:^1.0.0"
  peerDependencies:
    postcss: ^8.2.9
  checksum: 10c0/633b8bc7c46f7b6e2b1cb1f33aa0222a5cacb7f485eb41e6f902b5f37ab9884cd8e7e7b0706afb7e3c7766d85096b59e65f59a1eaefac55e2fc952a24f23bcb8
  languageName: node
  linkType: hard

"postcss@npm:^8.4.23":
  version: 8.4.33
  resolution: "postcss@npm:8.4.33"
  dependencies:
    nanoid: "npm:^3.3.7"
    picocolors: "npm:^1.0.0"
    source-map-js: "npm:^1.0.2"
  checksum: 10c0/16eda83458fcd8a91bece287b5920c7f57164c3ea293e6c80d0ea71ce7843007bcd8592260a5160b9a7f02693e6ac93e2495b02d8c7596d3f3f72c1447e3ba79
  languageName: node
  linkType: hard

"precinct@npm:^11.0.5":
  version: 11.0.5
  resolution: "precinct@npm:11.0.5"
  dependencies:
    "@dependents/detective-less": "npm:^4.1.0"
    commander: "npm:^10.0.1"
    detective-amd: "npm:^5.0.2"
    detective-cjs: "npm:^5.0.1"
    detective-es6: "npm:^4.0.1"
    detective-postcss: "npm:^6.1.3"
    detective-sass: "npm:^5.0.3"
    detective-scss: "npm:^4.0.3"
    detective-stylus: "npm:^4.0.0"
    detective-typescript: "npm:^11.1.0"
    module-definition: "npm:^5.0.1"
    node-source-walk: "npm:^6.0.2"
  bin:
    precinct: bin/cli.js
  checksum: 10c0/b11751de9174a10fde45b408c1b7fa69b4af587acc60c4df93dbadf9491393b65ca220bbcacfd9b7b3c00976e4b74affbe6ecf5f989ba92085eca3b57c79e88a
  languageName: node
  linkType: hard

"queue-microtask@npm:^1.2.2":
  version: 1.2.3
  resolution: "queue-microtask@npm:1.2.3"
  checksum: 10c0/900a93d3cdae3acd7d16f642c29a642aea32c2026446151f0778c62ac089d4b8e6c986811076e1ae180a694cedf077d453a11b58ff0a865629a4f82ab558e102
  languageName: node
  linkType: hard

"quote-unquote@npm:^1.0.0":
  version: 1.0.0
  resolution: "quote-unquote@npm:1.0.0"
  checksum: 10c0/eba86bb7f68ada486f5608c5c71cc155235f0408b8a0a180436cdf2457ae86f56a17de6b0bc5a1b7ae5f27735b3b789662cdf7f3b8195ac816cd0289085129ec
  languageName: node
  linkType: hard

"requirejs-config-file@npm:^4.0.0":
  version: 4.0.0
  resolution: "requirejs-config-file@npm:4.0.0"
  dependencies:
    esprima: "npm:^4.0.0"
    stringify-object: "npm:^3.2.1"
  checksum: 10c0/18ea5b39a63be043c94103e97a880e68a48534cab6a90a202163b9c7935097638f3d6e9b44c28f62541d35cc3e738a6558359b6b21b42c466623b18eccc65635
  languageName: node
  linkType: hard

"requirejs@npm:^2.3.6":
  version: 2.3.7
  resolution: "requirejs@npm:2.3.7"
  bin:
    r.js: bin/r.js
    r_js: bin/r.js
  checksum: 10c0/2d77a57b949eba5a69fbc0a38acc6c621443696c5327ed75117f36c92ce2d05829fe6cc2fb2aebfb2fa65df7b17fd268e57782e8c817f8fcc2a07d06a50c0a5b
  languageName: node
  linkType: hard

"resolve-dependency-path@npm:^3.0.2":
  version: 3.0.2
  resolution: "resolve-dependency-path@npm:3.0.2"
  checksum: 10c0/4621f72c7d4d08da3b9ea0ce5dc30f3e65f571ff70c25b44925eafa865d4a7d679147b0c31b4a0f2dee7300b282d28318f9c02ed6499b8581caef77bdf1a504d
  languageName: node
  linkType: hard

"resolve@npm:^1.22.3":
  version: 1.22.8
  resolution: "resolve@npm:1.22.8"
  dependencies:
    is-core-module: "npm:^2.13.0"
    path-parse: "npm:^1.0.7"
    supports-preserve-symlinks-flag: "npm:^1.0.0"
  bin:
    resolve: bin/resolve
  checksum: 10c0/07e179f4375e1fd072cfb72ad66d78547f86e6196c4014b31cb0b8bb1db5f7ca871f922d08da0fbc05b94e9fd42206f819648fa3b5b873ebbc8e1dc68fec433a
  languageName: node
  linkType: hard

"resolve@patch:resolve@npm%3A^1.22.3#optional!builtin<compat/resolve>":
  version: 1.22.8
  resolution: "resolve@patch:resolve@npm%3A1.22.8#optional!builtin<compat/resolve>::version=1.22.8&hash=c3c19d"
  dependencies:
    is-core-module: "npm:^2.13.0"
    path-parse: "npm:^1.0.7"
    supports-preserve-symlinks-flag: "npm:^1.0.0"
  bin:
    resolve: bin/resolve
  checksum: 10c0/0446f024439cd2e50c6c8fa8ba77eaa8370b4180f401a96abf3d1ebc770ac51c1955e12764cde449fde3fff480a61f84388e3505ecdbab778f4bef5f8212c729
  languageName: node
  linkType: hard

"reusify@npm:^1.0.4":
  version: 1.0.4
  resolution: "reusify@npm:1.0.4"
  checksum: 10c0/c19ef26e4e188f408922c46f7ff480d38e8dfc55d448310dfb518736b23ed2c4f547fb64a6ed5bdba92cd7e7ddc889d36ff78f794816d5e71498d645ef476107
  languageName: node
  linkType: hard

"run-parallel@npm:^1.1.9":
  version: 1.2.0
  resolution: "run-parallel@npm:1.2.0"
  dependencies:
    queue-microtask: "npm:^1.2.2"
  checksum: 10c0/200b5ab25b5b8b7113f9901bfe3afc347e19bb7475b267d55ad0eb86a62a46d77510cb0f232507c9e5d497ebda569a08a9867d0d14f57a82ad5564d991588b39
  languageName: node
  linkType: hard

"sass-lookup@npm:^5.0.1":
  version: 5.0.1
  resolution: "sass-lookup@npm:5.0.1"
  dependencies:
    commander: "npm:^10.0.1"
  bin:
    sass-lookup: bin/cli.js
  checksum: 10c0/faa657afef3575a07bd5b29211c52083e208123f636f50ac4306468c5285125e3191357c51ef2fd9b7c870edb5ed6aff7a77b72713ca0c78089f4d4e017caa95
  languageName: node
  linkType: hard

"semver@npm:^7.3.7":
  version: 7.5.4
  resolution: "semver@npm:7.5.4"
  dependencies:
    lru-cache: "npm:^6.0.0"
  bin:
    semver: bin/semver.js
  checksum: 10c0/5160b06975a38b11c1ab55950cb5b8a23db78df88275d3d8a42ccf1f29e55112ac995b3a26a522c36e3b5f76b0445f1eef70d696b8c7862a2b4303d7b0e7609e
  languageName: node
  linkType: hard

"slash@npm:^3.0.0":
  version: 3.0.0
  resolution: "slash@npm:3.0.0"
  checksum: 10c0/e18488c6a42bdfd4ac5be85b2ced3ccd0224773baae6ad42cfbb9ec74fc07f9fa8396bd35ee638084ead7a2a0818eb5e7151111544d4731ce843019dab4be47b
  languageName: node
  linkType: hard

"source-map-js@npm:^1.0.2":
  version: 1.0.2
  resolution: "source-map-js@npm:1.0.2"
  checksum: 10c0/32f2dfd1e9b7168f9a9715eb1b4e21905850f3b50cf02cf476e47e4eebe8e6b762b63a64357896aa29b37e24922b4282df0f492e0d2ace572b43d15525976ff8
  languageName: node
  linkType: hard

"source-map@npm:~0.6.1":
  version: 0.6.1
  resolution: "source-map@npm:0.6.1"
  checksum: 10c0/ab55398007c5e5532957cb0beee2368529618ac0ab372d789806f5718123cc4367d57de3904b4e6a4170eb5a0b0f41373066d02ca0735a0c4d75c7d328d3e011
  languageName: node
  linkType: hard

"stringify-object@npm:^3.2.1":
  version: 3.3.0
  resolution: "stringify-object@npm:3.3.0"
  dependencies:
    get-own-enumerable-property-symbols: "npm:^3.0.0"
    is-obj: "npm:^1.0.1"
    is-regexp: "npm:^1.0.0"
  checksum: 10c0/ba8078f84128979ee24b3de9a083489cbd3c62cb8572a061b47d4d82601a8ae4b4d86fa8c54dd955593da56bb7c16a6de51c27221fdc6b7139bb4f29d815f35b
  languageName: node
  linkType: hard

"strip-bom@npm:^3.0.0":
  version: 3.0.0
  resolution: "strip-bom@npm:3.0.0"
  checksum: 10c0/51201f50e021ef16672593d7434ca239441b7b760e905d9f33df6e4f3954ff54ec0e0a06f100d028af0982d6f25c35cd5cda2ce34eaebccd0250b8befb90d8f1
  languageName: node
  linkType: hard

"stylus-lookup@npm:^5.0.1":
  version: 5.0.1
  resolution: "stylus-lookup@npm:5.0.1"
  dependencies:
    commander: "npm:^10.0.1"
  bin:
    stylus-lookup: bin/cli.js
  checksum: 10c0/48f81c5bef0c136c48f0194305e4d4b87d3931ab82062273bb3b4d13f2cbafe3e0c064ab1499ced75a92d234d20f233f3cc9d78010b9304b4ae53f1b44505b85
  languageName: node
  linkType: hard

"supports-preserve-symlinks-flag@npm:^1.0.0":
  version: 1.0.0
  resolution: "supports-preserve-symlinks-flag@npm:1.0.0"
  checksum: 10c0/6c4032340701a9950865f7ae8ef38578d8d7053f5e10518076e6554a9381fa91bd9c6850193695c141f32b21f979c985db07265a758867bac95de05f7d8aeb39
  languageName: node
  linkType: hard

"tapable@npm:^2.2.0":
  version: 2.2.1
  resolution: "tapable@npm:2.2.1"
  checksum: 10c0/bc40e6efe1e554d075469cedaba69a30eeb373552aaf41caeaaa45bf56ffacc2674261b106245bd566b35d8f3329b52d838e851ee0a852120acae26e622925c9
  languageName: node
  linkType: hard

"to-regex-range@npm:^5.0.1":
  version: 5.0.1
  resolution: "to-regex-range@npm:5.0.1"
  dependencies:
    is-number: "npm:^7.0.0"
  checksum: 10c0/487988b0a19c654ff3e1961b87f471702e708fa8a8dd02a298ef16da7206692e8552a0250e8b3e8759270f62e9d8314616f6da274734d3b558b1fc7b7724e892
  languageName: node
  linkType: hard

"tsconfig-paths@npm:^4.2.0":
  version: 4.2.0
  resolution: "tsconfig-paths@npm:4.2.0"
  dependencies:
    json5: "npm:^2.2.2"
    minimist: "npm:^1.2.6"
    strip-bom: "npm:^3.0.0"
  checksum: 10c0/09a5877402d082bb1134930c10249edeebc0211f36150c35e1c542e5b91f1047b1ccf7da1e59babca1ef1f014c525510f4f870de7c9bda470c73bb4e2721b3ea
  languageName: node
  linkType: hard

"tslib@npm:^1.8.1":
  version: 1.14.1
  resolution: "tslib@npm:1.14.1"
  checksum: 10c0/69ae09c49eea644bc5ebe1bca4fa4cc2c82b7b3e02f43b84bd891504edf66dbc6b2ec0eef31a957042de2269139e4acff911e6d186a258fb14069cd7f6febce2
  languageName: node
  linkType: hard

"tsutils@npm:^3.21.0":
  version: 3.21.0
  resolution: "tsutils@npm:3.21.0"
  dependencies:
    tslib: "npm:^1.8.1"
  peerDependencies:
    typescript: ">=2.8.0 || >= 3.2.0-dev || >= 3.3.0-dev || >= 3.4.0-dev || >= 3.5.0-dev || >= 3.6.0-dev || >= 3.6.0-beta || >= 3.7.0-dev || >= 3.7.0-beta"
  checksum: 10c0/02f19e458ec78ead8fffbf711f834ad8ecd2cc6ade4ec0320790713dccc0a412b99e7fd907c4cda2a1dc602c75db6f12e0108e87a5afad4b2f9e90a24cabd5a2
  languageName: node
  linkType: hard

"typescript@npm:^5.0.4":
  version: 5.3.3
  resolution: "typescript@npm:5.3.3"
  bin:
    tsc: bin/tsc
    tsserver: bin/tsserver
  checksum: 10c0/e33cef99d82573624fc0f854a2980322714986bc35b9cb4d1ce736ed182aeab78e2cb32b385efa493b2a976ef52c53e20d6c6918312353a91850e2b76f1ea44f
  languageName: node
  linkType: hard

"typescript@patch:typescript@npm%3A^5.0.4#optional!builtin<compat/typescript>":
  version: 5.3.3
  resolution: "typescript@patch:typescript@npm%3A5.3.3#optional!builtin<compat/typescript>::version=5.3.3&hash=e012d7"
  bin:
    tsc: bin/tsc
    tsserver: bin/tsserver
  checksum: 10c0/1d0a5f4ce496c42caa9a30e659c467c5686eae15d54b027ee7866744952547f1be1262f2d40de911618c242b510029d51d43ff605dba8fb740ec85ca2d3f9500
  languageName: node
  linkType: hard

"wrappy@npm:1":
  version: 1.0.2
  resolution: "wrappy@npm:1.0.2"
  checksum: 10c0/56fece1a4018c6a6c8e28fbc88c87e0fbf4ea8fd64fc6c63b18f4acc4bd13e0ad2515189786dd2c30d3eec9663d70f4ecf699330002f8ccb547e4a18231fc9f0
  languageName: node
  linkType: hard

"yallist@npm:^4.0.0":
  version: 4.0.0
  resolution: "yallist@npm:4.0.0"
  checksum: 10c0/2286b5e8dbfe22204ab66e2ef5cc9bbb1e55dfc873bbe0d568aa943eb255d131890dfd5bf243637273d31119b870f49c18fcde2c6ffbb7a7a092b870dc90625a
  languageName: node
  linkType: hard
